// !$*UTF8*$!
{
	archiveVersion = 1;
	classes = {
	};
	objectVersion = 56;
	objects = {

/* Begin PBXBuildFile section */
		810CC24A2AB26C3900525778 /* SectionHeaderCRV.swift in Sources */ = {isa = PBXBuildFile; fileRef = 810CC2492AB26C3900525778 /* SectionHeaderCRV.swift */; };
		8129155C2AB49F9000627408 /* PersistentStorage.swift in Sources */ = {isa = PBXBuildFile; fileRef = 8129155B2AB49F9000627408 /* PersistentStorage.swift */; };
		8129155F2AB4A06300627408 /* CoreDataRepository.swift in Sources */ = {isa = PBXBuildFile; fileRef = 8129155E2AB4A06300627408 /* CoreDataRepository.swift */; };
		812915612AB4A0DD00627408 /* CityListRepository.swift in Sources */ = {isa = PBXBuildFile; fileRef = 812915602AB4A0DD00627408 /* CityListRepository.swift */; };
		812915632AB4A0EA00627408 /* CityConditionRepository.swift in Sources */ = {isa = PBXBuildFile; fileRef = 812915622AB4A0EA00627408 /* CityConditionRepository.swift */; };
		812915652AB4A2A700627408 /* CityForecastRepository.swift in Sources */ = {isa = PBXBuildFile; fileRef = 812915642AB4A2A700627408 /* CityForecastRepository.swift */; };
		812915692AB4A3D400627408 /* Weather.xcdatamodeld in Sources */ = {isa = PBXBuildFile; fileRef = 812915672AB4A3D400627408 /* Weather.xcdatamodeld */; };
		812915912AB4C6E000627408 /* CDCity+Extension.swift in Sources */ = {isa = PBXBuildFile; fileRef = 812915902AB4C6E000627408 /* CDCity+Extension.swift */; };
		812915932AB4CA6D00627408 /* CDCityForecast+Extension.swift in Sources */ = {isa = PBXBuildFile; fileRef = 812915922AB4CA6D00627408 /* CDCityForecast+Extension.swift */; };
		812915952AB4CA8B00627408 /* CDCityCondition+Extension.swift in Sources */ = {isa = PBXBuildFile; fileRef = 812915942AB4CA8B00627408 /* CDCityCondition+Extension.swift */; };
		8163032D2AB1359A007DA273 /* CityConditionWeatherDataCVC.swift in Sources */ = {isa = PBXBuildFile; fileRef = 8163032C2AB1359A007DA273 /* CityConditionWeatherDataCVC.swift */; };
		8163032F2AB135C3007DA273 /* CityForecastWeatherDataCVC.swift in Sources */ = {isa = PBXBuildFile; fileRef = 8163032E2AB135C3007DA273 /* CityForecastWeatherDataCVC.swift */; };
		81A7C9D22AB23BA700943F3A /* Extension+UIImageView.swift in Sources */ = {isa = PBXBuildFile; fileRef = 81A7C9D12AB23BA700943F3A /* Extension+UIImageView.swift */; };
		81B284DC2AB251650086AFD7 /* DateTImeHandler.swift in Sources */ = {isa = PBXBuildFile; fileRef = 81B284DB2AB251650086AFD7 /* DateTImeHandler.swift */; };
		81BE4BF22AB524A0005FFCCB /* CDCityManager.swift in Sources */ = {isa = PBXBuildFile; fileRef = 81BE4BF12AB524A0005FFCCB /* CDCityManager.swift */; };
		81BE4BF42AB524AF005FFCCB /* CDCityForecastManager.swift in Sources */ = {isa = PBXBuildFile; fileRef = 81BE4BF32AB524AF005FFCCB /* CDCityForecastManager.swift */; };
		81BE4BF62AB524BD005FFCCB /* CDCityConditionManager.swift in Sources */ = {isa = PBXBuildFile; fileRef = 81BE4BF52AB524BD005FFCCB /* CDCityConditionManager.swift */; };
		81BE4BFD2AB52F5E005FFCCB /* CDCity+CoreDataClass.swift in Sources */ = {isa = PBXBuildFile; fileRef = 81BE4BF72AB52F5E005FFCCB /* CDCity+CoreDataClass.swift */; };
		81BE4BFE2AB52F5E005FFCCB /* CDCity+CoreDataProperties.swift in Sources */ = {isa = PBXBuildFile; fileRef = 81BE4BF82AB52F5E005FFCCB /* CDCity+CoreDataProperties.swift */; };
		81BE4BFF2AB52F5E005FFCCB /* CDCityForecast+CoreDataClass.swift in Sources */ = {isa = PBXBuildFile; fileRef = 81BE4BF92AB52F5E005FFCCB /* CDCityForecast+CoreDataClass.swift */; };
		81BE4C002AB52F5E005FFCCB /* CDCityForecast+CoreDataProperties.swift in Sources */ = {isa = PBXBuildFile; fileRef = 81BE4BFA2AB52F5E005FFCCB /* CDCityForecast+CoreDataProperties.swift */; };
		81BE4C012AB52F5E005FFCCB /* CDCityCondition+CoreDataClass.swift in Sources */ = {isa = PBXBuildFile; fileRef = 81BE4BFB2AB52F5E005FFCCB /* CDCityCondition+CoreDataClass.swift */; };
		81BE4C022AB52F5E005FFCCB /* CDCityCondition+CoreDataProperties.swift in Sources */ = {isa = PBXBuildFile; fileRef = 81BE4BFC2AB52F5E005FFCCB /* CDCityCondition+CoreDataProperties.swift */; };
		81C0A46E2AAF963E009319D7 /* GeoRequest.swift in Sources */ = {isa = PBXBuildFile; fileRef = 81C0A46D2AAF963E009319D7 /* GeoRequest.swift */; };
		81C0A4702AAF9649009319D7 /* GeoResponse.swift in Sources */ = {isa = PBXBuildFile; fileRef = 81C0A46F2AAF9649009319D7 /* GeoResponse.swift */; };
		81C0A4722AAFA985009319D7 /* Alert.swift in Sources */ = {isa = PBXBuildFile; fileRef = 81C0A4712AAFA985009319D7 /* Alert.swift */; };
		81C0A4742AAFB4F3009319D7 /* Loader.swift in Sources */ = {isa = PBXBuildFile; fileRef = 81C0A4732AAFB4F3009319D7 /* Loader.swift */; };
		81D223BE2AB13D8800025F6C /* WeatherConstants.swift in Sources */ = {isa = PBXBuildFile; fileRef = 81D223BD2AB13D8800025F6C /* WeatherConstants.swift */; };
		81D430F02AB0D94E0041966D /* CityTodayWeatherDataCVC.swift in Sources */ = {isa = PBXBuildFile; fileRef = 81D430EF2AB0D94E0041966D /* CityTodayWeatherDataCVC.swift */; };
		81D430F22AB0DA040041966D /* CityVM.swift in Sources */ = {isa = PBXBuildFile; fileRef = 81D430F12AB0DA040041966D /* CityVM.swift */; };
		81D430FA2AB0E2160041966D /* CityWeatherForecastResponse.swift in Sources */ = {isa = PBXBuildFile; fileRef = 81D430F92AB0E2160041966D /* CityWeatherForecastResponse.swift */; };
		81D430FC2AB0E2320041966D /* CityWeatherForecastRequest.swift in Sources */ = {isa = PBXBuildFile; fileRef = 81D430FB2AB0E2320041966D /* CityWeatherForecastRequest.swift */; };
		81D430FE2AB0E5820041966D /* TemperatureScale.swift in Sources */ = {isa = PBXBuildFile; fileRef = 81D430FD2AB0E5820041966D /* TemperatureScale.swift */; };
		81E876262AB3214E00646694 /* ImageConstants.swift in Sources */ = {isa = PBXBuildFile; fileRef = 81E876252AB3214E00646694 /* ImageConstants.swift */; };
		81ECAE372AAEEE3C0086E341 /* WeatherTests.swift in Sources */ = {isa = PBXBuildFile; fileRef = 81ECAE362AAEEE3C0086E341 /* WeatherTests.swift */; };
		81ECAE412AAEEE3C0086E341 /* WeatherUITests.swift in Sources */ = {isa = PBXBuildFile; fileRef = 81ECAE402AAEEE3C0086E341 /* WeatherUITests.swift */; };
		81ECAE432AAEEE3C0086E341 /* WeatherUITestsLaunchTests.swift in Sources */ = {isa = PBXBuildFile; fileRef = 81ECAE422AAEEE3C0086E341 /* WeatherUITestsLaunchTests.swift */; };
		81ECAE5A2AAF072B0086E341 /* LaunchScreen.storyboard in Resources */ = {isa = PBXBuildFile; fileRef = 81ECAE512AAF072B0086E341 /* LaunchScreen.storyboard */; };
		81ECAE5B2AAF072B0086E341 /* Assets.xcassets in Resources */ = {isa = PBXBuildFile; fileRef = 81ECAE562AAF072B0086E341 /* Assets.xcassets */; };
		81ECAE5C2AAF072B0086E341 /* AppDelegate.swift in Sources */ = {isa = PBXBuildFile; fileRef = 81ECAE582AAF072B0086E341 /* AppDelegate.swift */; };
		81ECAE5D2AAF072B0086E341 /* SceneDelegate.swift in Sources */ = {isa = PBXBuildFile; fileRef = 81ECAE592AAF072B0086E341 /* SceneDelegate.swift */; };
		81ECAE692AAF08170086E341 /* CityListVC.swift in Sources */ = {isa = PBXBuildFile; fileRef = 81ECAE682AAF08170086E341 /* CityListVC.swift */; };
		81ECAE6B2AAF08530086E341 /* CityVC.swift in Sources */ = {isa = PBXBuildFile; fileRef = 81ECAE6A2AAF08530086E341 /* CityVC.swift */; };
		81ECAE782AAF0C070086E341 /* BaseUrl.swift in Sources */ = {isa = PBXBuildFile; fileRef = 81ECAE6D2AAF0C070086E341 /* BaseUrl.swift */; };
		81ECAE792AAF0C070086E341 /* URN.swift in Sources */ = {isa = PBXBuildFile; fileRef = 81ECAE6F2AAF0C070086E341 /* URN.swift */; };
		81ECAE7A2AAF0C070086E341 /* APIService.swift in Sources */ = {isa = PBXBuildFile; fileRef = 81ECAE702AAF0C070086E341 /* APIService.swift */; };
		81ECAE7B2AAF0C070086E341 /* APIClient.swift in Sources */ = {isa = PBXBuildFile; fileRef = 81ECAE712AAF0C070086E341 /* APIClient.swift */; };
		81ECAE7C2AAF0C070086E341 /* JSONParser.swift in Sources */ = {isa = PBXBuildFile; fileRef = 81ECAE722AAF0C070086E341 /* JSONParser.swift */; };
		81ECAE7D2AAF0C070086E341 /* CodableMapper.swift in Sources */ = {isa = PBXBuildFile; fileRef = 81ECAE732AAF0C070086E341 /* CodableMapper.swift */; };
		81ECAE7E2AAF0C070086E341 /* NetworkError.swift in Sources */ = {isa = PBXBuildFile; fileRef = 81ECAE742AAF0C070086E341 /* NetworkError.swift */; };
		81ECAE7F2AAF0C070086E341 /* NetworkConstants.swift in Sources */ = {isa = PBXBuildFile; fileRef = 81ECAE752AAF0C070086E341 /* NetworkConstants.swift */; };
		81ECAE802AAF0C070086E341 /* WeatherExerciseNetworkURN.swift in Sources */ = {isa = PBXBuildFile; fileRef = 81ECAE762AAF0C070086E341 /* WeatherExerciseNetworkURN.swift */; };
		81ECAE812AAF0C070086E341 /* EndPoints.swift in Sources */ = {isa = PBXBuildFile; fileRef = 81ECAE772AAF0C070086E341 /* EndPoints.swift */; };
		81ECAE852AAF0E6C0086E341 /* NetworkReachabilityManager.swift in Sources */ = {isa = PBXBuildFile; fileRef = 81ECAE842AAF0E6C0086E341 /* NetworkReachabilityManager.swift */; };
		81ECAE892AAF104F0086E341 /* String+Extension.swift in Sources */ = {isa = PBXBuildFile; fileRef = 81ECAE882AAF104F0086E341 /* String+Extension.swift */; };
		81ECAE8C2AAF10B00086E341 /* AppIngredients.swift in Sources */ = {isa = PBXBuildFile; fileRef = 81ECAE8B2AAF10B00086E341 /* AppIngredients.swift */; };
		81ECAE8F2AAF152F0086E341 /* Localizable.strings in Resources */ = {isa = PBXBuildFile; fileRef = 81ECAE8E2AAF152F0086E341 /* Localizable.strings */; };
		81ECAE952AAF18880086E341 /* Configuration.swift in Sources */ = {isa = PBXBuildFile; fileRef = 81ECAE942AAF18880086E341 /* Configuration.swift */; };
		81ECAE972AAF1A8E0086E341 /* ConfigurationConstants.swift in Sources */ = {isa = PBXBuildFile; fileRef = 81ECAE962AAF1A8E0086E341 /* ConfigurationConstants.swift */; };
		81ECAE992AAF2C560086E341 /* CityListVM.swift in Sources */ = {isa = PBXBuildFile; fileRef = 81ECAE982AAF2C560086E341 /* CityListVM.swift */; };
		81ECAE9B2AAF2CAC0086E341 /* Bindable.swift in Sources */ = {isa = PBXBuildFile; fileRef = 81ECAE9A2AAF2CAC0086E341 /* Bindable.swift */; };
		81F4EFFC2AAF32FA007C4C41 /* CityWeatherResponse.swift in Sources */ = {isa = PBXBuildFile; fileRef = 81F4EFFB2AAF32FA007C4C41 /* CityWeatherResponse.swift */; };
		81F4F0012AAF488C007C4C41 /* CityTVC.swift in Sources */ = {isa = PBXBuildFile; fileRef = 81F4F0002AAF488C007C4C41 /* CityTVC.swift */; };
		81F4F0092AAF6C11007C4C41 /* AppConstants.swift in Sources */ = {isa = PBXBuildFile; fileRef = 81F4F0082AAF6C11007C4C41 /* AppConstants.swift */; };
		81F4F00D2AAF768E007C4C41 /* CityWeatherRequest.swift in Sources */ = {isa = PBXBuildFile; fileRef = 81F4F00C2AAF768E007C4C41 /* CityWeatherRequest.swift */; };
		81F4F00F2AAF7AD1007C4C41 /* Encodable+Extension.swift in Sources */ = {isa = PBXBuildFile; fileRef = 81F4F00E2AAF7AD1007C4C41 /* Encodable+Extension.swift */; };
		81F4F0112AAF7D67007C4C41 /* Double+Extension.swift in Sources */ = {isa = PBXBuildFile; fileRef = 81F4F0102AAF7D67007C4C41 /* Double+Extension.swift */; };
		81F971D32AB0603900DC8F6D /* UIColor+Extension.swift in Sources */ = {isa = PBXBuildFile; fileRef = 81F971D22AB0603900DC8F6D /* UIColor+Extension.swift */; };
		81F971D52AB0747C00DC8F6D /* NilDataHandler.swift in Sources */ = {isa = PBXBuildFile; fileRef = 81F971D42AB0747C00DC8F6D /* NilDataHandler.swift */; };
		81F971D72AB07AB900DC8F6D /* Location.swift in Sources */ = {isa = PBXBuildFile; fileRef = 81F971D62AB07AB900DC8F6D /* Location.swift */; };
		81F971DB2AB09D9400DC8F6D /* Popover.swift in Sources */ = {isa = PBXBuildFile; fileRef = 81F971DA2AB09D9400DC8F6D /* Popover.swift */; };
/* End PBXBuildFile section */

/* Begin PBXContainerItemProxy section */
		81ECAE332AAEEE3C0086E341 /* PBXContainerItemProxy */ = {
			isa = PBXContainerItemProxy;
			containerPortal = 81ECAE142AAEEE390086E341 /* Project object */;
			proxyType = 1;
			remoteGlobalIDString = 81ECAE1B2AAEEE390086E341;
			remoteInfo = Weather;
		};
		81ECAE3D2AAEEE3C0086E341 /* PBXContainerItemProxy */ = {
			isa = PBXContainerItemProxy;
			containerPortal = 81ECAE142AAEEE390086E341 /* Project object */;
			proxyType = 1;
			remoteGlobalIDString = 81ECAE1B2AAEEE390086E341;
			remoteInfo = Weather;
		};
/* End PBXContainerItemProxy section */

/* Begin PBXFileReference section */
		810CC2492AB26C3900525778 /* SectionHeaderCRV.swift */ = {isa = PBXFileReference; lastKnownFileType = sourcecode.swift; path = SectionHeaderCRV.swift; sourceTree = "<group>"; };
		8129155B2AB49F9000627408 /* PersistentStorage.swift */ = {isa = PBXFileReference; lastKnownFileType = sourcecode.swift; path = PersistentStorage.swift; sourceTree = "<group>"; };
		8129155E2AB4A06300627408 /* CoreDataRepository.swift */ = {isa = PBXFileReference; lastKnownFileType = sourcecode.swift; path = CoreDataRepository.swift; sourceTree = "<group>"; };
		812915602AB4A0DD00627408 /* CityListRepository.swift */ = {isa = PBXFileReference; lastKnownFileType = sourcecode.swift; path = CityListRepository.swift; sourceTree = "<group>"; };
		812915622AB4A0EA00627408 /* CityConditionRepository.swift */ = {isa = PBXFileReference; lastKnownFileType = sourcecode.swift; path = CityConditionRepository.swift; sourceTree = "<group>"; };
		812915642AB4A2A700627408 /* CityForecastRepository.swift */ = {isa = PBXFileReference; lastKnownFileType = sourcecode.swift; path = CityForecastRepository.swift; sourceTree = "<group>"; };
		812915682AB4A3D400627408 /* Weather.xcdatamodel */ = {isa = PBXFileReference; lastKnownFileType = wrapper.xcdatamodel; path = Weather.xcdatamodel; sourceTree = "<group>"; };
		812915902AB4C6E000627408 /* CDCity+Extension.swift */ = {isa = PBXFileReference; lastKnownFileType = sourcecode.swift; path = "CDCity+Extension.swift"; sourceTree = "<group>"; };
		812915922AB4CA6D00627408 /* CDCityForecast+Extension.swift */ = {isa = PBXFileReference; lastKnownFileType = sourcecode.swift; path = "CDCityForecast+Extension.swift"; sourceTree = "<group>"; };
		812915942AB4CA8B00627408 /* CDCityCondition+Extension.swift */ = {isa = PBXFileReference; lastKnownFileType = sourcecode.swift; path = "CDCityCondition+Extension.swift"; sourceTree = "<group>"; };
		8163032C2AB1359A007DA273 /* CityConditionWeatherDataCVC.swift */ = {isa = PBXFileReference; lastKnownFileType = sourcecode.swift; path = CityConditionWeatherDataCVC.swift; sourceTree = "<group>"; };
		8163032E2AB135C3007DA273 /* CityForecastWeatherDataCVC.swift */ = {isa = PBXFileReference; lastKnownFileType = sourcecode.swift; path = CityForecastWeatherDataCVC.swift; sourceTree = "<group>"; };
		81A7C9D12AB23BA700943F3A /* Extension+UIImageView.swift */ = {isa = PBXFileReference; lastKnownFileType = sourcecode.swift; path = "Extension+UIImageView.swift"; sourceTree = "<group>"; };
		81B284DB2AB251650086AFD7 /* DateTImeHandler.swift */ = {isa = PBXFileReference; lastKnownFileType = sourcecode.swift; path = DateTImeHandler.swift; sourceTree = "<group>"; };
		81BE4BF12AB524A0005FFCCB /* CDCityManager.swift */ = {isa = PBXFileReference; lastKnownFileType = sourcecode.swift; path = CDCityManager.swift; sourceTree = "<group>"; };
		81BE4BF32AB524AF005FFCCB /* CDCityForecastManager.swift */ = {isa = PBXFileReference; lastKnownFileType = sourcecode.swift; path = CDCityForecastManager.swift; sourceTree = "<group>"; };
		81BE4BF52AB524BD005FFCCB /* CDCityConditionManager.swift */ = {isa = PBXFileReference; lastKnownFileType = sourcecode.swift; path = CDCityConditionManager.swift; sourceTree = "<group>"; };
		81BE4BF72AB52F5E005FFCCB /* CDCity+CoreDataClass.swift */ = {isa = PBXFileReference; lastKnownFileType = sourcecode.swift; path = "CDCity+CoreDataClass.swift"; sourceTree = "<group>"; };
		81BE4BF82AB52F5E005FFCCB /* CDCity+CoreDataProperties.swift */ = {isa = PBXFileReference; lastKnownFileType = sourcecode.swift; path = "CDCity+CoreDataProperties.swift"; sourceTree = "<group>"; };
		81BE4BF92AB52F5E005FFCCB /* CDCityForecast+CoreDataClass.swift */ = {isa = PBXFileReference; lastKnownFileType = sourcecode.swift; path = "CDCityForecast+CoreDataClass.swift"; sourceTree = "<group>"; };
		81BE4BFA2AB52F5E005FFCCB /* CDCityForecast+CoreDataProperties.swift */ = {isa = PBXFileReference; lastKnownFileType = sourcecode.swift; path = "CDCityForecast+CoreDataProperties.swift"; sourceTree = "<group>"; };
		81BE4BFB2AB52F5E005FFCCB /* CDCityCondition+CoreDataClass.swift */ = {isa = PBXFileReference; lastKnownFileType = sourcecode.swift; path = "CDCityCondition+CoreDataClass.swift"; sourceTree = "<group>"; };
		81BE4BFC2AB52F5E005FFCCB /* CDCityCondition+CoreDataProperties.swift */ = {isa = PBXFileReference; lastKnownFileType = sourcecode.swift; path = "CDCityCondition+CoreDataProperties.swift"; sourceTree = "<group>"; };
		81C0A46D2AAF963E009319D7 /* GeoRequest.swift */ = {isa = PBXFileReference; lastKnownFileType = sourcecode.swift; path = GeoRequest.swift; sourceTree = "<group>"; };
		81C0A46F2AAF9649009319D7 /* GeoResponse.swift */ = {isa = PBXFileReference; lastKnownFileType = sourcecode.swift; path = GeoResponse.swift; sourceTree = "<group>"; };
		81C0A4712AAFA985009319D7 /* Alert.swift */ = {isa = PBXFileReference; lastKnownFileType = sourcecode.swift; path = Alert.swift; sourceTree = "<group>"; };
		81C0A4732AAFB4F3009319D7 /* Loader.swift */ = {isa = PBXFileReference; lastKnownFileType = sourcecode.swift; path = Loader.swift; sourceTree = "<group>"; };
		81D223BD2AB13D8800025F6C /* WeatherConstants.swift */ = {isa = PBXFileReference; lastKnownFileType = sourcecode.swift; path = WeatherConstants.swift; sourceTree = "<group>"; };
		81D430EF2AB0D94E0041966D /* CityTodayWeatherDataCVC.swift */ = {isa = PBXFileReference; fileEncoding = 4; lastKnownFileType = sourcecode.swift; path = CityTodayWeatherDataCVC.swift; sourceTree = "<group>"; };
		81D430F12AB0DA040041966D /* CityVM.swift */ = {isa = PBXFileReference; lastKnownFileType = sourcecode.swift; path = CityVM.swift; sourceTree = "<group>"; };
		81D430F92AB0E2160041966D /* CityWeatherForecastResponse.swift */ = {isa = PBXFileReference; lastKnownFileType = sourcecode.swift; path = CityWeatherForecastResponse.swift; sourceTree = "<group>"; };
		81D430FB2AB0E2320041966D /* CityWeatherForecastRequest.swift */ = {isa = PBXFileReference; lastKnownFileType = sourcecode.swift; path = CityWeatherForecastRequest.swift; sourceTree = "<group>"; };
		81D430FD2AB0E5820041966D /* TemperatureScale.swift */ = {isa = PBXFileReference; lastKnownFileType = sourcecode.swift; path = TemperatureScale.swift; sourceTree = "<group>"; };
		81E876252AB3214E00646694 /* ImageConstants.swift */ = {isa = PBXFileReference; lastKnownFileType = sourcecode.swift; path = ImageConstants.swift; sourceTree = "<group>"; };
		81ECAE1C2AAEEE390086E341 /* Weather.app */ = {isa = PBXFileReference; explicitFileType = wrapper.application; includeInIndex = 0; path = Weather.app; sourceTree = BUILT_PRODUCTS_DIR; };
		81ECAE2D2AAEEE3C0086E341 /* Info.plist */ = {isa = PBXFileReference; lastKnownFileType = text.plist.xml; path = Info.plist; sourceTree = "<group>"; };
		81ECAE322AAEEE3C0086E341 /* WeatherTests.xctest */ = {isa = PBXFileReference; explicitFileType = wrapper.cfbundle; includeInIndex = 0; path = WeatherTests.xctest; sourceTree = BUILT_PRODUCTS_DIR; };
		81ECAE362AAEEE3C0086E341 /* WeatherTests.swift */ = {isa = PBXFileReference; lastKnownFileType = sourcecode.swift; path = WeatherTests.swift; sourceTree = "<group>"; };
		81ECAE3C2AAEEE3C0086E341 /* WeatherUITests.xctest */ = {isa = PBXFileReference; explicitFileType = wrapper.cfbundle; includeInIndex = 0; path = WeatherUITests.xctest; sourceTree = BUILT_PRODUCTS_DIR; };
		81ECAE402AAEEE3C0086E341 /* WeatherUITests.swift */ = {isa = PBXFileReference; lastKnownFileType = sourcecode.swift; path = WeatherUITests.swift; sourceTree = "<group>"; };
		81ECAE422AAEEE3C0086E341 /* WeatherUITestsLaunchTests.swift */ = {isa = PBXFileReference; lastKnownFileType = sourcecode.swift; path = WeatherUITestsLaunchTests.swift; sourceTree = "<group>"; };
		81ECAE512AAF072B0086E341 /* LaunchScreen.storyboard */ = {isa = PBXFileReference; fileEncoding = 4; lastKnownFileType = file.storyboard; path = LaunchScreen.storyboard; sourceTree = "<group>"; };
		81ECAE562AAF072B0086E341 /* Assets.xcassets */ = {isa = PBXFileReference; lastKnownFileType = folder.assetcatalog; path = Assets.xcassets; sourceTree = "<group>"; };
		81ECAE582AAF072B0086E341 /* AppDelegate.swift */ = {isa = PBXFileReference; fileEncoding = 4; lastKnownFileType = sourcecode.swift; path = AppDelegate.swift; sourceTree = "<group>"; };
		81ECAE592AAF072B0086E341 /* SceneDelegate.swift */ = {isa = PBXFileReference; fileEncoding = 4; lastKnownFileType = sourcecode.swift; path = SceneDelegate.swift; sourceTree = "<group>"; };
		81ECAE682AAF08170086E341 /* CityListVC.swift */ = {isa = PBXFileReference; lastKnownFileType = sourcecode.swift; path = CityListVC.swift; sourceTree = "<group>"; };
		81ECAE6A2AAF08530086E341 /* CityVC.swift */ = {isa = PBXFileReference; lastKnownFileType = sourcecode.swift; path = CityVC.swift; sourceTree = "<group>"; };
		81ECAE6D2AAF0C070086E341 /* BaseUrl.swift */ = {isa = PBXFileReference; fileEncoding = 4; lastKnownFileType = sourcecode.swift; path = BaseUrl.swift; sourceTree = "<group>"; };
		81ECAE6F2AAF0C070086E341 /* URN.swift */ = {isa = PBXFileReference; fileEncoding = 4; lastKnownFileType = sourcecode.swift; path = URN.swift; sourceTree = "<group>"; };
		81ECAE702AAF0C070086E341 /* APIService.swift */ = {isa = PBXFileReference; fileEncoding = 4; lastKnownFileType = sourcecode.swift; path = APIService.swift; sourceTree = "<group>"; };
		81ECAE712AAF0C070086E341 /* APIClient.swift */ = {isa = PBXFileReference; fileEncoding = 4; lastKnownFileType = sourcecode.swift; path = APIClient.swift; sourceTree = "<group>"; };
		81ECAE722AAF0C070086E341 /* JSONParser.swift */ = {isa = PBXFileReference; fileEncoding = 4; lastKnownFileType = sourcecode.swift; path = JSONParser.swift; sourceTree = "<group>"; };
		81ECAE732AAF0C070086E341 /* CodableMapper.swift */ = {isa = PBXFileReference; fileEncoding = 4; lastKnownFileType = sourcecode.swift; path = CodableMapper.swift; sourceTree = "<group>"; };
		81ECAE742AAF0C070086E341 /* NetworkError.swift */ = {isa = PBXFileReference; fileEncoding = 4; lastKnownFileType = sourcecode.swift; path = NetworkError.swift; sourceTree = "<group>"; };
		81ECAE752AAF0C070086E341 /* NetworkConstants.swift */ = {isa = PBXFileReference; fileEncoding = 4; lastKnownFileType = sourcecode.swift; path = NetworkConstants.swift; sourceTree = "<group>"; };
		81ECAE762AAF0C070086E341 /* WeatherExerciseNetworkURN.swift */ = {isa = PBXFileReference; fileEncoding = 4; lastKnownFileType = sourcecode.swift; path = WeatherExerciseNetworkURN.swift; sourceTree = "<group>"; };
		81ECAE772AAF0C070086E341 /* EndPoints.swift */ = {isa = PBXFileReference; fileEncoding = 4; lastKnownFileType = sourcecode.swift; path = EndPoints.swift; sourceTree = "<group>"; };
		81ECAE842AAF0E6C0086E341 /* NetworkReachabilityManager.swift */ = {isa = PBXFileReference; lastKnownFileType = sourcecode.swift; path = NetworkReachabilityManager.swift; sourceTree = "<group>"; };
		81ECAE882AAF104F0086E341 /* String+Extension.swift */ = {isa = PBXFileReference; lastKnownFileType = sourcecode.swift; path = "String+Extension.swift"; sourceTree = "<group>"; };
		81ECAE8B2AAF10B00086E341 /* AppIngredients.swift */ = {isa = PBXFileReference; lastKnownFileType = sourcecode.swift; path = AppIngredients.swift; sourceTree = "<group>"; };
		81ECAE8E2AAF152F0086E341 /* Localizable.strings */ = {isa = PBXFileReference; lastKnownFileType = text.plist.strings; path = Localizable.strings; sourceTree = "<group>"; };
		81ECAE912AAF16AB0086E341 /* Development.xcconfig */ = {isa = PBXFileReference; lastKnownFileType = text.xcconfig; path = Development.xcconfig; sourceTree = "<group>"; };
		81ECAE922AAF16C80086E341 /* Production.xcconfig */ = {isa = PBXFileReference; lastKnownFileType = text.xcconfig; path = Production.xcconfig; sourceTree = "<group>"; };
		81ECAE942AAF18880086E341 /* Configuration.swift */ = {isa = PBXFileReference; lastKnownFileType = sourcecode.swift; path = Configuration.swift; sourceTree = "<group>"; };
		81ECAE962AAF1A8E0086E341 /* ConfigurationConstants.swift */ = {isa = PBXFileReference; lastKnownFileType = sourcecode.swift; path = ConfigurationConstants.swift; sourceTree = "<group>"; };
		81ECAE982AAF2C560086E341 /* CityListVM.swift */ = {isa = PBXFileReference; lastKnownFileType = sourcecode.swift; path = CityListVM.swift; sourceTree = "<group>"; };
		81ECAE9A2AAF2CAC0086E341 /* Bindable.swift */ = {isa = PBXFileReference; lastKnownFileType = sourcecode.swift; path = Bindable.swift; sourceTree = "<group>"; };
		81F4EFFB2AAF32FA007C4C41 /* CityWeatherResponse.swift */ = {isa = PBXFileReference; lastKnownFileType = sourcecode.swift; path = CityWeatherResponse.swift; sourceTree = "<group>"; };
		81F4F0002AAF488C007C4C41 /* CityTVC.swift */ = {isa = PBXFileReference; lastKnownFileType = sourcecode.swift; path = CityTVC.swift; sourceTree = "<group>"; };
		81F4F0082AAF6C11007C4C41 /* AppConstants.swift */ = {isa = PBXFileReference; lastKnownFileType = sourcecode.swift; path = AppConstants.swift; sourceTree = "<group>"; };
		81F4F00C2AAF768E007C4C41 /* CityWeatherRequest.swift */ = {isa = PBXFileReference; lastKnownFileType = sourcecode.swift; path = CityWeatherRequest.swift; sourceTree = "<group>"; };
		81F4F00E2AAF7AD1007C4C41 /* Encodable+Extension.swift */ = {isa = PBXFileReference; lastKnownFileType = sourcecode.swift; path = "Encodable+Extension.swift"; sourceTree = "<group>"; };
		81F4F0102AAF7D67007C4C41 /* Double+Extension.swift */ = {isa = PBXFileReference; lastKnownFileType = sourcecode.swift; path = "Double+Extension.swift"; sourceTree = "<group>"; };
		81F971D22AB0603900DC8F6D /* UIColor+Extension.swift */ = {isa = PBXFileReference; lastKnownFileType = sourcecode.swift; path = "UIColor+Extension.swift"; sourceTree = "<group>"; };
		81F971D42AB0747C00DC8F6D /* NilDataHandler.swift */ = {isa = PBXFileReference; lastKnownFileType = sourcecode.swift; path = NilDataHandler.swift; sourceTree = "<group>"; };
		81F971D62AB07AB900DC8F6D /* Location.swift */ = {isa = PBXFileReference; lastKnownFileType = sourcecode.swift; path = Location.swift; sourceTree = "<group>"; };
		81F971DA2AB09D9400DC8F6D /* Popover.swift */ = {isa = PBXFileReference; lastKnownFileType = sourcecode.swift; path = Popover.swift; sourceTree = "<group>"; };
/* End PBXFileReference section */

/* Begin PBXFrameworksBuildPhase section */
		81ECAE192AAEEE390086E341 /* Frameworks */ = {
			isa = PBXFrameworksBuildPhase;
			buildActionMask = 2147483647;
			files = (
			);
			runOnlyForDeploymentPostprocessing = 0;
		};
		81ECAE2F2AAEEE3C0086E341 /* Frameworks */ = {
			isa = PBXFrameworksBuildPhase;
			buildActionMask = 2147483647;
			files = (
			);
			runOnlyForDeploymentPostprocessing = 0;
		};
		81ECAE392AAEEE3C0086E341 /* Frameworks */ = {
			isa = PBXFrameworksBuildPhase;
			buildActionMask = 2147483647;
			files = (
			);
			runOnlyForDeploymentPostprocessing = 0;
		};
/* End PBXFrameworksBuildPhase section */

/* Begin PBXGroup section */
		810CC2482AB26BF700525778 /* CollectionReusableView */ = {
			isa = PBXGroup;
			children = (
				810CC2492AB26C3900525778 /* SectionHeaderCRV.swift */,
			);
			path = CollectionReusableView;
			sourceTree = "<group>";
		};
		8129155A2AB49C7E00627408 /* CoreData */ = {
			isa = PBXGroup;
			children = (
				8129155B2AB49F9000627408 /* PersistentStorage.swift */,
				8129158F2AB4C6AC00627408 /* CDDecorator */,
				812915662AB4A3A400627408 /* Database */,
				81BE4BF02AB52468005FFCCB /* Manager */,
				8129156A2AB4AA4000627408 /* ManagedObjectModels */,
				8129155D2AB4A04500627408 /* Repository */,
			);
			path = CoreData;
			sourceTree = "<group>";
		};
		8129155D2AB4A04500627408 /* Repository */ = {
			isa = PBXGroup;
			children = (
				8129155E2AB4A06300627408 /* CoreDataRepository.swift */,
				812915602AB4A0DD00627408 /* CityListRepository.swift */,
				812915642AB4A2A700627408 /* CityForecastRepository.swift */,
				812915622AB4A0EA00627408 /* CityConditionRepository.swift */,
			);
			path = Repository;
			sourceTree = "<group>";
		};
		812915662AB4A3A400627408 /* Database */ = {
			isa = PBXGroup;
			children = (
				812915672AB4A3D400627408 /* Weather.xcdatamodeld */,
			);
			path = Database;
			sourceTree = "<group>";
		};
		8129156A2AB4AA4000627408 /* ManagedObjectModels */ = {
			isa = PBXGroup;
			children = (
				81BE4BF72AB52F5E005FFCCB /* CDCity+CoreDataClass.swift */,
				81BE4BF82AB52F5E005FFCCB /* CDCity+CoreDataProperties.swift */,
				81BE4BF92AB52F5E005FFCCB /* CDCityForecast+CoreDataClass.swift */,
				81BE4BFA2AB52F5E005FFCCB /* CDCityForecast+CoreDataProperties.swift */,
				81BE4BFB2AB52F5E005FFCCB /* CDCityCondition+CoreDataClass.swift */,
				81BE4BFC2AB52F5E005FFCCB /* CDCityCondition+CoreDataProperties.swift */,
			);
			path = ManagedObjectModels;
			sourceTree = "<group>";
		};
		8129158F2AB4C6AC00627408 /* CDDecorator */ = {
			isa = PBXGroup;
			children = (
				812915902AB4C6E000627408 /* CDCity+Extension.swift */,
				812915922AB4CA6D00627408 /* CDCityForecast+Extension.swift */,
				812915942AB4CA8B00627408 /* CDCityCondition+Extension.swift */,
			);
			path = CDDecorator;
			sourceTree = "<group>";
		};
		81BE4BF02AB52468005FFCCB /* Manager */ = {
			isa = PBXGroup;
			children = (
				81BE4BF12AB524A0005FFCCB /* CDCityManager.swift */,
				81BE4BF32AB524AF005FFCCB /* CDCityForecastManager.swift */,
				81BE4BF52AB524BD005FFCCB /* CDCityConditionManager.swift */,
			);
			path = Manager;
			sourceTree = "<group>";
		};
		81D430EE2AB0D94E0041966D /* CollectionViewCell */ = {
			isa = PBXGroup;
			children = (
				8163032C2AB1359A007DA273 /* CityConditionWeatherDataCVC.swift */,
				8163032E2AB135C3007DA273 /* CityForecastWeatherDataCVC.swift */,
				81D430EF2AB0D94E0041966D /* CityTodayWeatherDataCVC.swift */,
			);
			path = CollectionViewCell;
			sourceTree = "<group>";
		};
		81D430F72AB0E1EA0041966D /* Request */ = {
			isa = PBXGroup;
			children = (
				81D430FB2AB0E2320041966D /* CityWeatherForecastRequest.swift */,
			);
			path = Request;
			sourceTree = "<group>";
		};
		81D430F82AB0E1F10041966D /* Response */ = {
			isa = PBXGroup;
			children = (
				81D430F92AB0E2160041966D /* CityWeatherForecastResponse.swift */,
			);
			path = Response;
			sourceTree = "<group>";
		};
		81ECAE132AAEEE390086E341 = {
			isa = PBXGroup;
			children = (
				81ECAE1E2AAEEE390086E341 /* Weather */,
				81ECAE352AAEEE3C0086E341 /* WeatherTests */,
				81ECAE3F2AAEEE3C0086E341 /* WeatherUITests */,
				81ECAE1D2AAEEE390086E341 /* Products */,
			);
			sourceTree = "<group>";
		};
		81ECAE1D2AAEEE390086E341 /* Products */ = {
			isa = PBXGroup;
			children = (
				81ECAE1C2AAEEE390086E341 /* Weather.app */,
				81ECAE322AAEEE3C0086E341 /* WeatherTests.xctest */,
				81ECAE3C2AAEEE3C0086E341 /* WeatherUITests.xctest */,
			);
			name = Products;
			sourceTree = "<group>";
		};
		81ECAE1E2AAEEE390086E341 /* Weather */ = {
			isa = PBXGroup;
			children = (
				81ECAE2D2AAEEE3C0086E341 /* Info.plist */,
				81ECAE4F2AAF072B0086E341 /* iVault */,
			);
			path = Weather;
			sourceTree = "<group>";
		};
		81ECAE352AAEEE3C0086E341 /* WeatherTests */ = {
			isa = PBXGroup;
			children = (
				81ECAE362AAEEE3C0086E341 /* WeatherTests.swift */,
			);
			path = WeatherTests;
			sourceTree = "<group>";
		};
		81ECAE3F2AAEEE3C0086E341 /* WeatherUITests */ = {
			isa = PBXGroup;
			children = (
				81ECAE402AAEEE3C0086E341 /* WeatherUITests.swift */,
				81ECAE422AAEEE3C0086E341 /* WeatherUITestsLaunchTests.swift */,
			);
			path = WeatherUITests;
			sourceTree = "<group>";
		};
		81ECAE4F2AAF072B0086E341 /* iVault */ = {
			isa = PBXGroup;
			children = (
				81ECAE572AAF072B0086E341 /* ApplicationLayer */,
				81ECAE822AAF0E350086E341 /* Auxiliary */,
				8129155A2AB49C7E00627408 /* CoreData */,
				81ECAE502AAF072B0086E341 /* LaunchScreen */,
				81ECAE522AAF072B0086E341 /* Modules */,
				81ECAE552AAF072B0086E341 /* Resources */,
				81ECAE6C2AAF0C070086E341 /* WebServices */,
			);
			path = iVault;
			sourceTree = "<group>";
		};
		81ECAE502AAF072B0086E341 /* LaunchScreen */ = {
			isa = PBXGroup;
			children = (
				81ECAE512AAF072B0086E341 /* LaunchScreen.storyboard */,
			);
			path = LaunchScreen;
			sourceTree = "<group>";
		};
		81ECAE522AAF072B0086E341 /* Modules */ = {
			isa = PBXGroup;
			children = (
				81ECAE532AAF072B0086E341 /* City */,
				81ECAE542AAF072B0086E341 /* CityList */,
			);
			path = Modules;
			sourceTree = "<group>";
		};
		81ECAE532AAF072B0086E341 /* City */ = {
			isa = PBXGroup;
			children = (
				81ECAE5E2AAF07610086E341 /* MVVM */,
			);
			path = City;
			sourceTree = "<group>";
		};
		81ECAE542AAF072B0086E341 /* CityList */ = {
			isa = PBXGroup;
			children = (
				81ECAE5F2AAF076B0086E341 /* MVVM */,
			);
			path = CityList;
			sourceTree = "<group>";
		};
		81ECAE552AAF072B0086E341 /* Resources */ = {
			isa = PBXGroup;
			children = (
				81ECAE902AAF168B0086E341 /* Configuration */,
				81ECAE8D2AAF14FC0086E341 /* Localizable */,
				81ECAE562AAF072B0086E341 /* Assets.xcassets */,
			);
			path = Resources;
			sourceTree = "<group>";
		};
		81ECAE572AAF072B0086E341 /* ApplicationLayer */ = {
			isa = PBXGroup;
			children = (
				81ECAE582AAF072B0086E341 /* AppDelegate.swift */,
				81ECAE592AAF072B0086E341 /* SceneDelegate.swift */,
			);
			path = ApplicationLayer;
			sourceTree = "<group>";
		};
		81ECAE5E2AAF07610086E341 /* MVVM */ = {
			isa = PBXGroup;
			children = (
				81ECAE612AAF07C70086E341 /* Controller */,
				81ECAE602AAF07C60086E341 /* Model */,
				81ECAE622AAF07C70086E341 /* View */,
				81ECAE632AAF07C70086E341 /* ViewModel */,
			);
			path = MVVM;
			sourceTree = "<group>";
		};
		81ECAE5F2AAF076B0086E341 /* MVVM */ = {
			isa = PBXGroup;
			children = (
				81ECAE652AAF07D10086E341 /* Controller */,
				81ECAE662AAF07D20086E341 /* Model */,
				81ECAE672AAF07D20086E341 /* View */,
				81ECAE642AAF07D10086E341 /* ViewModel */,
			);
			path = MVVM;
			sourceTree = "<group>";
		};
		81ECAE602AAF07C60086E341 /* Model */ = {
			isa = PBXGroup;
			children = (
				81D430F82AB0E1F10041966D /* Response */,
				81D430F72AB0E1EA0041966D /* Request */,
			);
			path = Model;
			sourceTree = "<group>";
		};
		81ECAE612AAF07C70086E341 /* Controller */ = {
			isa = PBXGroup;
			children = (
				81ECAE6A2AAF08530086E341 /* CityVC.swift */,
			);
			path = Controller;
			sourceTree = "<group>";
		};
		81ECAE622AAF07C70086E341 /* View */ = {
			isa = PBXGroup;
			children = (
				810CC2482AB26BF700525778 /* CollectionReusableView */,
				81D430EE2AB0D94E0041966D /* CollectionViewCell */,
			);
			path = View;
			sourceTree = "<group>";
		};
		81ECAE632AAF07C70086E341 /* ViewModel */ = {
			isa = PBXGroup;
			children = (
				81D430F12AB0DA040041966D /* CityVM.swift */,
			);
			path = ViewModel;
			sourceTree = "<group>";
		};
		81ECAE642AAF07D10086E341 /* ViewModel */ = {
			isa = PBXGroup;
			children = (
				81ECAE982AAF2C560086E341 /* CityListVM.swift */,
			);
			path = ViewModel;
			sourceTree = "<group>";
		};
		81ECAE652AAF07D10086E341 /* Controller */ = {
			isa = PBXGroup;
			children = (
				81ECAE682AAF08170086E341 /* CityListVC.swift */,
			);
			path = Controller;
			sourceTree = "<group>";
		};
		81ECAE662AAF07D20086E341 /* Model */ = {
			isa = PBXGroup;
			children = (
				81F4F00B2AAF7668007C4C41 /* Request */,
				81F4F00A2AAF765F007C4C41 /* Response */,
			);
			path = Model;
			sourceTree = "<group>";
		};
		81ECAE672AAF07D20086E341 /* View */ = {
			isa = PBXGroup;
			children = (
				81F4EFFF2AAF4859007C4C41 /* TableViewCell */,
			);
			path = View;
			sourceTree = "<group>";
		};
		81ECAE6C2AAF0C070086E341 /* WebServices */ = {
			isa = PBXGroup;
			children = (
				81ECAE6E2AAF0C070086E341 /* NetworkManager */,
				81ECAE6D2AAF0C070086E341 /* BaseUrl.swift */,
				81ECAE772AAF0C070086E341 /* EndPoints.swift */,
				81ECAE762AAF0C070086E341 /* WeatherExerciseNetworkURN.swift */,
			);
			path = WebServices;
			sourceTree = "<group>";
		};
		81ECAE6E2AAF0C070086E341 /* NetworkManager */ = {
			isa = PBXGroup;
			children = (
				81ECAE6F2AAF0C070086E341 /* URN.swift */,
				81ECAE702AAF0C070086E341 /* APIService.swift */,
				81ECAE712AAF0C070086E341 /* APIClient.swift */,
				81ECAE722AAF0C070086E341 /* JSONParser.swift */,
				81ECAE732AAF0C070086E341 /* CodableMapper.swift */,
				81ECAE742AAF0C070086E341 /* NetworkError.swift */,
				81ECAE752AAF0C070086E341 /* NetworkConstants.swift */,
			);
			path = NetworkManager;
			sourceTree = "<group>";
		};
		81ECAE822AAF0E350086E341 /* Auxiliary */ = {
			isa = PBXGroup;
			children = (
				81F4F0072AAF6BFE007C4C41 /* Constants */,
				81ECAE832AAF0E470086E341 /* Library */,
				81ECAE862AAF10150086E341 /* Structural */,
				81ECAE8A2AAF10990086E341 /* Utilities */,
			);
			path = Auxiliary;
			sourceTree = "<group>";
		};
		81ECAE832AAF0E470086E341 /* Library */ = {
			isa = PBXGroup;
			children = (
				81ECAE842AAF0E6C0086E341 /* NetworkReachabilityManager.swift */,
			);
			path = Library;
			sourceTree = "<group>";
		};
		81ECAE862AAF10150086E341 /* Structural */ = {
			isa = PBXGroup;
			children = (
				81ECAE872AAF10220086E341 /* Decorator */,
			);
			path = Structural;
			sourceTree = "<group>";
		};
		81ECAE872AAF10220086E341 /* Decorator */ = {
			isa = PBXGroup;
			children = (
				81F4F0102AAF7D67007C4C41 /* Double+Extension.swift */,
				81F4F00E2AAF7AD1007C4C41 /* Encodable+Extension.swift */,
				81ECAE882AAF104F0086E341 /* String+Extension.swift */,
				81F971D22AB0603900DC8F6D /* UIColor+Extension.swift */,
				81A7C9D12AB23BA700943F3A /* Extension+UIImageView.swift */,
			);
			path = Decorator;
			sourceTree = "<group>";
		};
		81ECAE8A2AAF10990086E341 /* Utilities */ = {
			isa = PBXGroup;
			children = (
				81ECAE932AAF18700086E341 /* Configuration */,
				81ECAE8B2AAF10B00086E341 /* AppIngredients.swift */,
				81C0A4712AAFA985009319D7 /* Alert.swift */,
				81ECAE9A2AAF2CAC0086E341 /* Bindable.swift */,
				81C0A4732AAFB4F3009319D7 /* Loader.swift */,
				81F971D62AB07AB900DC8F6D /* Location.swift */,
				81F971D42AB0747C00DC8F6D /* NilDataHandler.swift */,
				81F971DA2AB09D9400DC8F6D /* Popover.swift */,
				81D430FD2AB0E5820041966D /* TemperatureScale.swift */,
				81B284DB2AB251650086AFD7 /* DateTImeHandler.swift */,
			);
			path = Utilities;
			sourceTree = "<group>";
		};
		81ECAE8D2AAF14FC0086E341 /* Localizable */ = {
			isa = PBXGroup;
			children = (
				81ECAE8E2AAF152F0086E341 /* Localizable.strings */,
			);
			path = Localizable;
			sourceTree = "<group>";
		};
		81ECAE902AAF168B0086E341 /* Configuration */ = {
			isa = PBXGroup;
			children = (
				81ECAE912AAF16AB0086E341 /* Development.xcconfig */,
				81ECAE922AAF16C80086E341 /* Production.xcconfig */,
			);
			path = Configuration;
			sourceTree = "<group>";
		};
		81ECAE932AAF18700086E341 /* Configuration */ = {
			isa = PBXGroup;
			children = (
				81ECAE942AAF18880086E341 /* Configuration.swift */,
				81ECAE962AAF1A8E0086E341 /* ConfigurationConstants.swift */,
			);
			path = Configuration;
			sourceTree = "<group>";
		};
		81F4EFFF2AAF4859007C4C41 /* TableViewCell */ = {
			isa = PBXGroup;
			children = (
				81F4F0002AAF488C007C4C41 /* CityTVC.swift */,
			);
			path = TableViewCell;
			sourceTree = "<group>";
		};
		81F4F0072AAF6BFE007C4C41 /* Constants */ = {
			isa = PBXGroup;
			children = (
				81F4F0082AAF6C11007C4C41 /* AppConstants.swift */,
				81D223BD2AB13D8800025F6C /* WeatherConstants.swift */,
				81E876252AB3214E00646694 /* ImageConstants.swift */,
			);
			path = Constants;
			sourceTree = "<group>";
		};
		81F4F00A2AAF765F007C4C41 /* Response */ = {
			isa = PBXGroup;
			children = (
				81F4EFFB2AAF32FA007C4C41 /* CityWeatherResponse.swift */,
				81C0A46F2AAF9649009319D7 /* GeoResponse.swift */,
			);
			path = Response;
			sourceTree = "<group>";
		};
		81F4F00B2AAF7668007C4C41 /* Request */ = {
			isa = PBXGroup;
			children = (
				81F4F00C2AAF768E007C4C41 /* CityWeatherRequest.swift */,
				81C0A46D2AAF963E009319D7 /* GeoRequest.swift */,
			);
			path = Request;
			sourceTree = "<group>";
		};
/* End PBXGroup section */

/* Begin PBXNativeTarget section */
		81ECAE1B2AAEEE390086E341 /* Weather */ = {
			isa = PBXNativeTarget;
			buildConfigurationList = 81ECAE462AAEEE3C0086E341 /* Build configuration list for PBXNativeTarget "Weather" */;
			buildPhases = (
				81ECAE182AAEEE390086E341 /* Sources */,
				81ECAE192AAEEE390086E341 /* Frameworks */,
				81ECAE1A2AAEEE390086E341 /* Resources */,
			);
			buildRules = (
			);
			dependencies = (
			);
			name = Weather;
			productName = Weather;
			productReference = 81ECAE1C2AAEEE390086E341 /* Weather.app */;
			productType = "com.apple.product-type.application";
		};
		81ECAE312AAEEE3C0086E341 /* WeatherTests */ = {
			isa = PBXNativeTarget;
			buildConfigurationList = 81ECAE492AAEEE3C0086E341 /* Build configuration list for PBXNativeTarget "WeatherTests" */;
			buildPhases = (
				81ECAE2E2AAEEE3C0086E341 /* Sources */,
				81ECAE2F2AAEEE3C0086E341 /* Frameworks */,
				81ECAE302AAEEE3C0086E341 /* Resources */,
			);
			buildRules = (
			);
			dependencies = (
				81ECAE342AAEEE3C0086E341 /* PBXTargetDependency */,
			);
			name = WeatherTests;
			productName = WeatherTests;
			productReference = 81ECAE322AAEEE3C0086E341 /* WeatherTests.xctest */;
			productType = "com.apple.product-type.bundle.unit-test";
		};
		81ECAE3B2AAEEE3C0086E341 /* WeatherUITests */ = {
			isa = PBXNativeTarget;
			buildConfigurationList = 81ECAE4C2AAEEE3C0086E341 /* Build configuration list for PBXNativeTarget "WeatherUITests" */;
			buildPhases = (
				81ECAE382AAEEE3C0086E341 /* Sources */,
				81ECAE392AAEEE3C0086E341 /* Frameworks */,
				81ECAE3A2AAEEE3C0086E341 /* Resources */,
			);
			buildRules = (
			);
			dependencies = (
				81ECAE3E2AAEEE3C0086E341 /* PBXTargetDependency */,
			);
			name = WeatherUITests;
			productName = WeatherUITests;
			productReference = 81ECAE3C2AAEEE3C0086E341 /* WeatherUITests.xctest */;
			productType = "com.apple.product-type.bundle.ui-testing";
		};
/* End PBXNativeTarget section */

/* Begin PBXProject section */
		81ECAE142AAEEE390086E341 /* Project object */ = {
			isa = PBXProject;
			attributes = {
				BuildIndependentTargetsInParallel = 1;
				LastSwiftUpdateCheck = 1420;
				LastUpgradeCheck = 1420;
				TargetAttributes = {
					81ECAE1B2AAEEE390086E341 = {
						CreatedOnToolsVersion = 14.2;
					};
					81ECAE312AAEEE3C0086E341 = {
						CreatedOnToolsVersion = 14.2;
						TestTargetID = 81ECAE1B2AAEEE390086E341;
					};
					81ECAE3B2AAEEE3C0086E341 = {
						CreatedOnToolsVersion = 14.2;
						TestTargetID = 81ECAE1B2AAEEE390086E341;
					};
				};
			};
			buildConfigurationList = 81ECAE172AAEEE390086E341 /* Build configuration list for PBXProject "Weather" */;
			compatibilityVersion = "Xcode 14.0";
			developmentRegion = en;
			hasScannedForEncodings = 0;
			knownRegions = (
				en,
				Base,
			);
			mainGroup = 81ECAE132AAEEE390086E341;
			productRefGroup = 81ECAE1D2AAEEE390086E341 /* Products */;
			projectDirPath = "";
			projectRoot = "";
			targets = (
				81ECAE1B2AAEEE390086E341 /* Weather */,
				81ECAE312AAEEE3C0086E341 /* WeatherTests */,
				81ECAE3B2AAEEE3C0086E341 /* WeatherUITests */,
			);
		};
/* End PBXProject section */

/* Begin PBXResourcesBuildPhase section */
		81ECAE1A2AAEEE390086E341 /* Resources */ = {
			isa = PBXResourcesBuildPhase;
			buildActionMask = 2147483647;
			files = (
				81ECAE5B2AAF072B0086E341 /* Assets.xcassets in Resources */,
				81ECAE8F2AAF152F0086E341 /* Localizable.strings in Resources */,
				81ECAE5A2AAF072B0086E341 /* LaunchScreen.storyboard in Resources */,
			);
			runOnlyForDeploymentPostprocessing = 0;
		};
		81ECAE302AAEEE3C0086E341 /* Resources */ = {
			isa = PBXResourcesBuildPhase;
			buildActionMask = 2147483647;
			files = (
			);
			runOnlyForDeploymentPostprocessing = 0;
		};
		81ECAE3A2AAEEE3C0086E341 /* Resources */ = {
			isa = PBXResourcesBuildPhase;
			buildActionMask = 2147483647;
			files = (
			);
			runOnlyForDeploymentPostprocessing = 0;
		};
/* End PBXResourcesBuildPhase section */

/* Begin PBXSourcesBuildPhase section */
		81ECAE182AAEEE390086E341 /* Sources */ = {
			isa = PBXSourcesBuildPhase;
			buildActionMask = 2147483647;
			files = (
				812915932AB4CA6D00627408 /* CDCityForecast+Extension.swift in Sources */,
				81ECAE892AAF104F0086E341 /* String+Extension.swift in Sources */,
				81ECAE8C2AAF10B00086E341 /* AppIngredients.swift in Sources */,
				81ECAE812AAF0C070086E341 /* EndPoints.swift in Sources */,
				812915632AB4A0EA00627408 /* CityConditionRepository.swift in Sources */,
				81C0A46E2AAF963E009319D7 /* GeoRequest.swift in Sources */,
				81BE4BF62AB524BD005FFCCB /* CDCityConditionManager.swift in Sources */,
				812915612AB4A0DD00627408 /* CityListRepository.swift in Sources */,
				812915652AB4A2A700627408 /* CityForecastRepository.swift in Sources */,
				81BE4BF42AB524AF005FFCCB /* CDCityForecastManager.swift in Sources */,
				81D430FA2AB0E2160041966D /* CityWeatherForecastResponse.swift in Sources */,
				8163032D2AB1359A007DA273 /* CityConditionWeatherDataCVC.swift in Sources */,
				81ECAE7C2AAF0C070086E341 /* JSONParser.swift in Sources */,
				81ECAE7E2AAF0C070086E341 /* NetworkError.swift in Sources */,
				81C0A4702AAF9649009319D7 /* GeoResponse.swift in Sources */,
				81ECAE792AAF0C070086E341 /* URN.swift in Sources */,
				81B284DC2AB251650086AFD7 /* DateTImeHandler.swift in Sources */,
				81ECAE992AAF2C560086E341 /* CityListVM.swift in Sources */,
				81ECAE7D2AAF0C070086E341 /* CodableMapper.swift in Sources */,
				81ECAE9B2AAF2CAC0086E341 /* Bindable.swift in Sources */,
				812915912AB4C6E000627408 /* CDCity+Extension.swift in Sources */,
				81ECAE7F2AAF0C070086E341 /* NetworkConstants.swift in Sources */,
				81ECAE692AAF08170086E341 /* CityListVC.swift in Sources */,
				81D430FE2AB0E5820041966D /* TemperatureScale.swift in Sources */,
				81D223BE2AB13D8800025F6C /* WeatherConstants.swift in Sources */,
				81ECAE802AAF0C070086E341 /* WeatherExerciseNetworkURN.swift in Sources */,
				812915952AB4CA8B00627408 /* CDCityCondition+Extension.swift in Sources */,
				81F4F0012AAF488C007C4C41 /* CityTVC.swift in Sources */,
				8129155F2AB4A06300627408 /* CoreDataRepository.swift in Sources */,
				81BE4C002AB52F5E005FFCCB /* CDCityForecast+CoreDataProperties.swift in Sources */,
				81BE4C022AB52F5E005FFCCB /* CDCityCondition+CoreDataProperties.swift in Sources */,
				81BE4BFE2AB52F5E005FFCCB /* CDCity+CoreDataProperties.swift in Sources */,
				81BE4BFD2AB52F5E005FFCCB /* CDCity+CoreDataClass.swift in Sources */,
				8163032F2AB135C3007DA273 /* CityForecastWeatherDataCVC.swift in Sources */,
				81ECAE7B2AAF0C070086E341 /* APIClient.swift in Sources */,
				810CC24A2AB26C3900525778 /* SectionHeaderCRV.swift in Sources */,
				81ECAE7A2AAF0C070086E341 /* APIService.swift in Sources */,
				81F4F00D2AAF768E007C4C41 /* CityWeatherRequest.swift in Sources */,
				81BE4BFF2AB52F5E005FFCCB /* CDCityForecast+CoreDataClass.swift in Sources */,
				81F971DB2AB09D9400DC8F6D /* Popover.swift in Sources */,
				81C0A4722AAFA985009319D7 /* Alert.swift in Sources */,
				81BE4BF22AB524A0005FFCCB /* CDCityManager.swift in Sources */,
				81ECAE952AAF18880086E341 /* Configuration.swift in Sources */,
				81A7C9D22AB23BA700943F3A /* Extension+UIImageView.swift in Sources */,
				81D430F02AB0D94E0041966D /* CityTodayWeatherDataCVC.swift in Sources */,
				81F4F00F2AAF7AD1007C4C41 /* Encodable+Extension.swift in Sources */,
				81E876262AB3214E00646694 /* ImageConstants.swift in Sources */,
				81D430FC2AB0E2320041966D /* CityWeatherForecastRequest.swift in Sources */,
				81D430F22AB0DA040041966D /* CityVM.swift in Sources */,
				812915692AB4A3D400627408 /* Weather.xcdatamodeld in Sources */,
				81BE4C012AB52F5E005FFCCB /* CDCityCondition+CoreDataClass.swift in Sources */,
				81F971D52AB0747C00DC8F6D /* NilDataHandler.swift in Sources */,
				81F971D72AB07AB900DC8F6D /* Location.swift in Sources */,
				81C0A4742AAFB4F3009319D7 /* Loader.swift in Sources */,
				81ECAE6B2AAF08530086E341 /* CityVC.swift in Sources */,
				81F971D32AB0603900DC8F6D /* UIColor+Extension.swift in Sources */,
				81ECAE5C2AAF072B0086E341 /* AppDelegate.swift in Sources */,
				81F4F0112AAF7D67007C4C41 /* Double+Extension.swift in Sources */,
				8129155C2AB49F9000627408 /* PersistentStorage.swift in Sources */,
				81F4EFFC2AAF32FA007C4C41 /* CityWeatherResponse.swift in Sources */,
				81F4F0092AAF6C11007C4C41 /* AppConstants.swift in Sources */,
				81ECAE782AAF0C070086E341 /* BaseUrl.swift in Sources */,
				81ECAE5D2AAF072B0086E341 /* SceneDelegate.swift in Sources */,
				81ECAE972AAF1A8E0086E341 /* ConfigurationConstants.swift in Sources */,
				81ECAE852AAF0E6C0086E341 /* NetworkReachabilityManager.swift in Sources */,
			);
			runOnlyForDeploymentPostprocessing = 0;
		};
		81ECAE2E2AAEEE3C0086E341 /* Sources */ = {
			isa = PBXSourcesBuildPhase;
			buildActionMask = 2147483647;
			files = (
				81ECAE372AAEEE3C0086E341 /* WeatherTests.swift in Sources */,
			);
			runOnlyForDeploymentPostprocessing = 0;
		};
		81ECAE382AAEEE3C0086E341 /* Sources */ = {
			isa = PBXSourcesBuildPhase;
			buildActionMask = 2147483647;
			files = (
				81ECAE412AAEEE3C0086E341 /* WeatherUITests.swift in Sources */,
				81ECAE432AAEEE3C0086E341 /* WeatherUITestsLaunchTests.swift in Sources */,
			);
			runOnlyForDeploymentPostprocessing = 0;
		};
/* End PBXSourcesBuildPhase section */

/* Begin PBXTargetDependency section */
		81ECAE342AAEEE3C0086E341 /* PBXTargetDependency */ = {
			isa = PBXTargetDependency;
			target = 81ECAE1B2AAEEE390086E341 /* Weather */;
			targetProxy = 81ECAE332AAEEE3C0086E341 /* PBXContainerItemProxy */;
		};
		81ECAE3E2AAEEE3C0086E341 /* PBXTargetDependency */ = {
			isa = PBXTargetDependency;
			target = 81ECAE1B2AAEEE390086E341 /* Weather */;
			targetProxy = 81ECAE3D2AAEEE3C0086E341 /* PBXContainerItemProxy */;
		};
/* End PBXTargetDependency section */

/* Begin XCBuildConfiguration section */
		81ECAE442AAEEE3C0086E341 /* Debug */ = {
			isa = XCBuildConfiguration;
			baseConfigurationReference = 81ECAE912AAF16AB0086E341 /* Development.xcconfig */;
			buildSettings = {
				ALWAYS_SEARCH_USER_PATHS = NO;
				CLANG_ANALYZER_NONNULL = YES;
				CLANG_ANALYZER_NUMBER_OBJECT_CONVERSION = YES_AGGRESSIVE;
				CLANG_CXX_LANGUAGE_STANDARD = "gnu++20";
				CLANG_ENABLE_MODULES = YES;
				CLANG_ENABLE_OBJC_ARC = YES;
				CLANG_ENABLE_OBJC_WEAK = YES;
				CLANG_WARN_BLOCK_CAPTURE_AUTORELEASING = YES;
				CLANG_WARN_BOOL_CONVERSION = YES;
				CLANG_WARN_COMMA = YES;
				CLANG_WARN_CONSTANT_CONVERSION = YES;
				CLANG_WARN_DEPRECATED_OBJC_IMPLEMENTATIONS = YES;
				CLANG_WARN_DIRECT_OBJC_ISA_USAGE = YES_ERROR;
				CLANG_WARN_DOCUMENTATION_COMMENTS = YES;
				CLANG_WARN_EMPTY_BODY = YES;
				CLANG_WARN_ENUM_CONVERSION = YES;
				CLANG_WARN_INFINITE_RECURSION = YES;
				CLANG_WARN_INT_CONVERSION = YES;
				CLANG_WARN_NON_LITERAL_NULL_CONVERSION = YES;
				CLANG_WARN_OBJC_IMPLICIT_RETAIN_SELF = YES;
				CLANG_WARN_OBJC_LITERAL_CONVERSION = YES;
				CLANG_WARN_OBJC_ROOT_CLASS = YES_ERROR;
				CLANG_WARN_QUOTED_INCLUDE_IN_FRAMEWORK_HEADER = YES;
				CLANG_WARN_RANGE_LOOP_ANALYSIS = YES;
				CLANG_WARN_STRICT_PROTOTYPES = YES;
				CLANG_WARN_SUSPICIOUS_MOVE = YES;
				CLANG_WARN_UNGUARDED_AVAILABILITY = YES_AGGRESSIVE;
				CLANG_WARN_UNREACHABLE_CODE = YES;
				CLANG_WARN__DUPLICATE_METHOD_MATCH = YES;
				COPY_PHASE_STRIP = NO;
				DEBUG_INFORMATION_FORMAT = dwarf;
				ENABLE_STRICT_OBJC_MSGSEND = YES;
				ENABLE_TESTABILITY = YES;
				GCC_C_LANGUAGE_STANDARD = gnu11;
				GCC_DYNAMIC_NO_PIC = NO;
				GCC_NO_COMMON_BLOCKS = YES;
				GCC_OPTIMIZATION_LEVEL = 0;
				GCC_PREPROCESSOR_DEFINITIONS = (
					"DEBUG=1",
					"$(inherited)",
				);
				GCC_WARN_64_TO_32_BIT_CONVERSION = YES;
				GCC_WARN_ABOUT_RETURN_TYPE = YES_ERROR;
				GCC_WARN_UNDECLARED_SELECTOR = YES;
				GCC_WARN_UNINITIALIZED_AUTOS = YES_AGGRESSIVE;
				GCC_WARN_UNUSED_FUNCTION = YES;
				GCC_WARN_UNUSED_VARIABLE = YES;
				IPHONEOS_DEPLOYMENT_TARGET = 16.2;
				MTL_ENABLE_DEBUG_INFO = INCLUDE_SOURCE;
				MTL_FAST_MATH = YES;
				ONLY_ACTIVE_ARCH = YES;
				SDKROOT = iphoneos;
				SWIFT_ACTIVE_COMPILATION_CONDITIONS = DEBUG;
				SWIFT_OPTIMIZATION_LEVEL = "-Onone";
			};
			name = Debug;
		};
		81ECAE452AAEEE3C0086E341 /* Release */ = {
			isa = XCBuildConfiguration;
			baseConfigurationReference = 81ECAE922AAF16C80086E341 /* Production.xcconfig */;
			buildSettings = {
				ALWAYS_SEARCH_USER_PATHS = NO;
				CLANG_ANALYZER_NONNULL = YES;
				CLANG_ANALYZER_NUMBER_OBJECT_CONVERSION = YES_AGGRESSIVE;
				CLANG_CXX_LANGUAGE_STANDARD = "gnu++20";
				CLANG_ENABLE_MODULES = YES;
				CLANG_ENABLE_OBJC_ARC = YES;
				CLANG_ENABLE_OBJC_WEAK = YES;
				CLANG_WARN_BLOCK_CAPTURE_AUTORELEASING = YES;
				CLANG_WARN_BOOL_CONVERSION = YES;
				CLANG_WARN_COMMA = YES;
				CLANG_WARN_CONSTANT_CONVERSION = YES;
				CLANG_WARN_DEPRECATED_OBJC_IMPLEMENTATIONS = YES;
				CLANG_WARN_DIRECT_OBJC_ISA_USAGE = YES_ERROR;
				CLANG_WARN_DOCUMENTATION_COMMENTS = YES;
				CLANG_WARN_EMPTY_BODY = YES;
				CLANG_WARN_ENUM_CONVERSION = YES;
				CLANG_WARN_INFINITE_RECURSION = YES;
				CLANG_WARN_INT_CONVERSION = YES;
				CLANG_WARN_NON_LITERAL_NULL_CONVERSION = YES;
				CLANG_WARN_OBJC_IMPLICIT_RETAIN_SELF = YES;
				CLANG_WARN_OBJC_LITERAL_CONVERSION = YES;
				CLANG_WARN_OBJC_ROOT_CLASS = YES_ERROR;
				CLANG_WARN_QUOTED_INCLUDE_IN_FRAMEWORK_HEADER = YES;
				CLANG_WARN_RANGE_LOOP_ANALYSIS = YES;
				CLANG_WARN_STRICT_PROTOTYPES = YES;
				CLANG_WARN_SUSPICIOUS_MOVE = YES;
				CLANG_WARN_UNGUARDED_AVAILABILITY = YES_AGGRESSIVE;
				CLANG_WARN_UNREACHABLE_CODE = YES;
				CLANG_WARN__DUPLICATE_METHOD_MATCH = YES;
				COPY_PHASE_STRIP = NO;
				DEBUG_INFORMATION_FORMAT = "dwarf-with-dsym";
				ENABLE_NS_ASSERTIONS = NO;
				ENABLE_STRICT_OBJC_MSGSEND = YES;
				GCC_C_LANGUAGE_STANDARD = gnu11;
				GCC_NO_COMMON_BLOCKS = YES;
				GCC_WARN_64_TO_32_BIT_CONVERSION = YES;
				GCC_WARN_ABOUT_RETURN_TYPE = YES_ERROR;
				GCC_WARN_UNDECLARED_SELECTOR = YES;
				GCC_WARN_UNINITIALIZED_AUTOS = YES_AGGRESSIVE;
				GCC_WARN_UNUSED_FUNCTION = YES;
				GCC_WARN_UNUSED_VARIABLE = YES;
				IPHONEOS_DEPLOYMENT_TARGET = 16.2;
				MTL_ENABLE_DEBUG_INFO = NO;
				MTL_FAST_MATH = YES;
				SDKROOT = iphoneos;
				SWIFT_COMPILATION_MODE = wholemodule;
				SWIFT_OPTIMIZATION_LEVEL = "-O";
				VALIDATE_PRODUCT = YES;
			};
			name = Release;
		};
		81ECAE472AAEEE3C0086E341 /* Debug */ = {
			isa = XCBuildConfiguration;
			baseConfigurationReference = 81ECAE912AAF16AB0086E341 /* Development.xcconfig */;
			buildSettings = {
				ASSETCATALOG_COMPILER_APPICON_NAME = AppIcon;
				ASSETCATALOG_COMPILER_GLOBAL_ACCENT_COLOR_NAME = AccentColor;
				CODE_SIGN_STYLE = Automatic;
				CURRENT_PROJECT_VERSION = 1;
				DEVELOPMENT_TEAM = 3K6JQ87GJE;
				GENERATE_INFOPLIST_FILE = YES;
				INFOPLIST_FILE = Weather/Info.plist;
				INFOPLIST_KEY_UIApplicationSupportsIndirectInputEvents = YES;
				INFOPLIST_KEY_UILaunchStoryboardName = LaunchScreen.storyboard;
				INFOPLIST_KEY_UISupportedInterfaceOrientations = UIInterfaceOrientationPortrait;
				IPHONEOS_DEPLOYMENT_TARGET = 15.0;
				LD_RUNPATH_SEARCH_PATHS = (
					"$(inherited)",
					"@executable_path/Frameworks",
				);
				MARKETING_VERSION = 1.0;
				PRODUCT_BUNDLE_IDENTIFIER = captain.Weather;
				PRODUCT_NAME = "$(TARGET_NAME)";
				SWIFT_EMIT_LOC_STRINGS = YES;
				SWIFT_VERSION = 5.0;
				TARGETED_DEVICE_FAMILY = "1,2";
			};
			name = Debug;
		};
		81ECAE482AAEEE3C0086E341 /* Release */ = {
			isa = XCBuildConfiguration;
			baseConfigurationReference = 81ECAE922AAF16C80086E341 /* Production.xcconfig */;
			buildSettings = {
				ASSETCATALOG_COMPILER_APPICON_NAME = AppIcon;
				ASSETCATALOG_COMPILER_GLOBAL_ACCENT_COLOR_NAME = AccentColor;
				CODE_SIGN_STYLE = Automatic;
				CURRENT_PROJECT_VERSION = 1;
				DEVELOPMENT_TEAM = 3K6JQ87GJE;
				GENERATE_INFOPLIST_FILE = YES;
				INFOPLIST_FILE = Weather/Info.plist;
				INFOPLIST_KEY_UIApplicationSupportsIndirectInputEvents = YES;
				INFOPLIST_KEY_UILaunchStoryboardName = LaunchScreen.storyboard;
				INFOPLIST_KEY_UISupportedInterfaceOrientations = UIInterfaceOrientationPortrait;
				IPHONEOS_DEPLOYMENT_TARGET = 15.0;
				LD_RUNPATH_SEARCH_PATHS = (
					"$(inherited)",
					"@executable_path/Frameworks",
				);
				MARKETING_VERSION = 1.0;
				PRODUCT_BUNDLE_IDENTIFIER = captain.Weather;
				PRODUCT_NAME = "$(TARGET_NAME)";
				SWIFT_EMIT_LOC_STRINGS = YES;
				SWIFT_VERSION = 5.0;
				TARGETED_DEVICE_FAMILY = "1,2";
			};
			name = Release;
		};
		81ECAE4A2AAEEE3C0086E341 /* Debug */ = {
			isa = XCBuildConfiguration;
			baseConfigurationReference = 81ECAE912AAF16AB0086E341 /* Development.xcconfig */;
			buildSettings = {
				ALWAYS_EMBED_SWIFT_STANDARD_LIBRARIES = YES;
				BUNDLE_LOADER = "$(TEST_HOST)";
				CODE_SIGN_STYLE = Automatic;
				CURRENT_PROJECT_VERSION = 1;
				DEVELOPMENT_TEAM = 3K6JQ87GJE;
				GENERATE_INFOPLIST_FILE = YES;
				IPHONEOS_DEPLOYMENT_TARGET = 16.2;
				MARKETING_VERSION = 1.0;
				PRODUCT_BUNDLE_IDENTIFIER = captain.WeatherTests;
				PRODUCT_NAME = "$(TARGET_NAME)";
				SWIFT_EMIT_LOC_STRINGS = NO;
				SWIFT_VERSION = 5.0;
				TARGETED_DEVICE_FAMILY = "1,2";
				TEST_HOST = "$(BUILT_PRODUCTS_DIR)/Weather.app/$(BUNDLE_EXECUTABLE_FOLDER_PATH)/Weather";
			};
			name = Debug;
		};
		81ECAE4B2AAEEE3C0086E341 /* Release */ = {
			isa = XCBuildConfiguration;
			baseConfigurationReference = 81ECAE922AAF16C80086E341 /* Production.xcconfig */;
			buildSettings = {
				ALWAYS_EMBED_SWIFT_STANDARD_LIBRARIES = YES;
				BUNDLE_LOADER = "$(TEST_HOST)";
				CODE_SIGN_STYLE = Automatic;
				CURRENT_PROJECT_VERSION = 1;
				DEVELOPMENT_TEAM = 3K6JQ87GJE;
				GENERATE_INFOPLIST_FILE = YES;
				IPHONEOS_DEPLOYMENT_TARGET = 16.2;
				MARKETING_VERSION = 1.0;
				PRODUCT_BUNDLE_IDENTIFIER = captain.WeatherTests;
				PRODUCT_NAME = "$(TARGET_NAME)";
				SWIFT_EMIT_LOC_STRINGS = NO;
				SWIFT_VERSION = 5.0;
				TARGETED_DEVICE_FAMILY = "1,2";
				TEST_HOST = "$(BUILT_PRODUCTS_DIR)/Weather.app/$(BUNDLE_EXECUTABLE_FOLDER_PATH)/Weather";
			};
			name = Release;
		};
		81ECAE4D2AAEEE3C0086E341 /* Debug */ = {
			isa = XCBuildConfiguration;
			baseConfigurationReference = 81ECAE912AAF16AB0086E341 /* Development.xcconfig */;
			buildSettings = {
				ALWAYS_EMBED_SWIFT_STANDARD_LIBRARIES = YES;
				CODE_SIGN_STYLE = Automatic;
				CURRENT_PROJECT_VERSION = 1;
				DEVELOPMENT_TEAM = 3K6JQ87GJE;
				GENERATE_INFOPLIST_FILE = YES;
				MARKETING_VERSION = 1.0;
				PRODUCT_BUNDLE_IDENTIFIER = captain.WeatherUITests;
				PRODUCT_NAME = "$(TARGET_NAME)";
				SWIFT_EMIT_LOC_STRINGS = NO;
				SWIFT_VERSION = 5.0;
				TARGETED_DEVICE_FAMILY = "1,2";
				TEST_TARGET_NAME = Weather;
			};
			name = Debug;
		};
		81ECAE4E2AAEEE3C0086E341 /* Release */ = {
			isa = XCBuildConfiguration;
			baseConfigurationReference = 81ECAE922AAF16C80086E341 /* Production.xcconfig */;
			buildSettings = {
				ALWAYS_EMBED_SWIFT_STANDARD_LIBRARIES = YES;
				CODE_SIGN_STYLE = Automatic;
				CURRENT_PROJECT_VERSION = 1;
				DEVELOPMENT_TEAM = 3K6JQ87GJE;
				GENERATE_INFOPLIST_FILE = YES;
				MARKETING_VERSION = 1.0;
				PRODUCT_BUNDLE_IDENTIFIER = captain.WeatherUITests;
				PRODUCT_NAME = "$(TARGET_NAME)";
				SWIFT_EMIT_LOC_STRINGS = NO;
				SWIFT_VERSION = 5.0;
				TARGETED_DEVICE_FAMILY = "1,2";
				TEST_TARGET_NAME = Weather;
			};
			name = Release;
		};
/* End XCBuildConfiguration section */

/* Begin XCConfigurationList section */
		81ECAE172AAEEE390086E341 /* Build configuration list for PBXProject "Weather" */ = {
			isa = XCConfigurationList;
			buildConfigurations = (
				81ECAE442AAEEE3C0086E341 /* Debug */,
				81ECAE452AAEEE3C0086E341 /* Release */,
			);
			defaultConfigurationIsVisible = 0;
			defaultConfigurationName = Release;
		};
		81ECAE462AAEEE3C0086E341 /* Build configuration list for PBXNativeTarget "Weather" */ = {
			isa = XCConfigurationList;
			buildConfigurations = (
				81ECAE472AAEEE3C0086E341 /* Debug */,
				81ECAE482AAEEE3C0086E341 /* Release */,
			);
			defaultConfigurationIsVisible = 0;
			defaultConfigurationName = Release;
		};
		81ECAE492AAEEE3C0086E341 /* Build configuration list for PBXNativeTarget "WeatherTests" */ = {
			isa = XCConfigurationList;
			buildConfigurations = (
				81ECAE4A2AAEEE3C0086E341 /* Debug */,
				81ECAE4B2AAEEE3C0086E341 /* Release */,
			);
			defaultConfigurationIsVisible = 0;
			defaultConfigurationName = Release;
		};
		81ECAE4C2AAEEE3C0086E341 /* Build configuration list for PBXNativeTarget "WeatherUITests" */ = {
			isa = XCConfigurationList;
			buildConfigurations = (
				81ECAE4D2AAEEE3C0086E341 /* Debug */,
				81ECAE4E2AAEEE3C0086E341 /* Release */,
			);
			defaultConfigurationIsVisible = 0;
			defaultConfigurationName = Release;
		};
/* End XCConfigurationList section */

/* Begin XCVersionGroup section */
		812915672AB4A3D400627408 /* Weather.xcdatamodeld */ = {
			isa = XCVersionGroup;
			children = (
				812915682AB4A3D400627408 /* Weather.xcdatamodel */,
			);
			currentVersion = 812915682AB4A3D400627408 /* Weather.xcdatamodel */;
			path = Weather.xcdatamodeld;
			sourceTree = "<group>";
			versionGroupType = wrapper.xcdatamodel;
		};
/* End XCVersionGroup section */
	};
	rootObject = 81ECAE142AAEEE390086E341 /* Project object */;
}
